
Microsoft Visual Studio Solution File, Format Version 12.00
# Visual Studio Version 17
VisualStudioVersion = 17.8.34525.116
MinimumVisualStudioVersion = 10.0.40219.1
Project("{FAE04EC0-301F-11D3-BF4B-00C04F79EFBC}") = "PartBimStep", "PartBimStep\PartBimStep.csproj", "{067D323B-0BC1-42A8-9281-00E2D79EC2AE}"
EndProject
Global
	GlobalSection(SolutionConfigurationPlatforms) = preSolution
		Debug|Any CPU = Debug|Any CPU
		Release|Any CPU = Release|Any CPU
	EndGlobalSection
	GlobalSection(ProjectConfigurationPlatforms) = postSolution
		{067D323B-0BC1-42A8-9281-00E2D79EC2AE}.Debug|Any CPU.ActiveCfg = Debug|Any CPU
		{067D323B-0BC1-42A8-9281-00E2D79EC2AE}.Debug|Any CPU.Build.0 = Debug|Any CPU
		{067D323B-0BC1-42A8-9281-00E2D79EC2AE}.Release|Any CPU.ActiveCfg = Release|Any CPU
		{067D323B-0BC1-42A8-9281-00E2D79EC2AE}.Release|Any CPU.Build.0 = Release|Any CPU
	EndGlobalSection
	GlobalSection(SolutionProperties) = preSolution
		HideSolutionNode = FALSE
	EndGlobalSection
	GlobalSection(ExtensibilityGlobals) = postSolution
		SolutionGuid = {D6EB8E65-C467-4FF1-9B01-6C42256D78FD}
	EndGlobalSection
EndGlobal
